
Microsoft Visual Studio Solution File, Format Version 12.00
# Visual Studio Version 17
VisualStudioVersion = 17.13.35818.85
MinimumVisualStudioVersion = 10.0.40219.1
Project("{FAE04EC0-301F-11D3-BF4B-00C04F79EFBC}") = "Server", "Server\Server.csproj", "{E8EF6470-B153-40EB-B219-10DD5E4D37EC}"
EndProject
Project("{FAE04EC0-301F-11D3-BF4B-00C04F79EFBC}") = "TestGame", "TestGame\TestGame.csproj", "{D8299637-05BB-4311-818E-2A2631032D24}"
EndProject
Project("{FAE04EC0-301F-11D3-BF4B-00C04F79EFBC}") = "Client", "Client\Client.csproj", "{EFF0725B-C4C6-4A32-84C9-EB5FA750D562}"
EndProject
Global
	GlobalSection(SolutionConfigurationPlatforms) = preSolution
		Debug|Any CPU = Debug|Any CPU
		Release|Any CPU = Release|Any CPU
	EndGlobalSection
	GlobalSection(ProjectConfigurationPlatforms) = postSolution
		{E8EF6470-B153-40EB-B219-10DD5E4D37EC}.Debug|Any CPU.ActiveCfg = Debug|Any CPU
		{E8EF6470-B153-40EB-B219-10DD5E4D37EC}.Debug|Any CPU.Build.0 = Debug|Any CPU
		{E8EF6470-B153-40EB-B219-10DD5E4D37EC}.Release|Any CPU.ActiveCfg = Release|Any CPU
		{E8EF6470-B153-40EB-B219-10DD5E4D37EC}.Release|Any CPU.Build.0 = Release|Any CPU
		{D8299637-05BB-4311-818E-2A2631032D24}.Debug|Any CPU.ActiveCfg = Debug|Any CPU
		{D8299637-05BB-4311-818E-2A2631032D24}.Debug|Any CPU.Build.0 = Debug|Any CPU
		{D8299637-05BB-4311-818E-2A2631032D24}.Release|Any CPU.ActiveCfg = Release|Any CPU
		{D8299637-05BB-4311-818E-2A2631032D24}.Release|Any CPU.Build.0 = Release|Any CPU
		{EFF0725B-C4C6-4A32-84C9-EB5FA750D562}.Debug|Any CPU.ActiveCfg = Debug|Any CPU
		{EFF0725B-C4C6-4A32-84C9-EB5FA750D562}.Debug|Any CPU.Build.0 = Debug|Any CPU
		{EFF0725B-C4C6-4A32-84C9-EB5FA750D562}.Release|Any CPU.ActiveCfg = Release|Any CPU
		{EFF0725B-C4C6-4A32-84C9-EB5FA750D562}.Release|Any CPU.Build.0 = Release|Any CPU
	EndGlobalSection
	GlobalSection(SolutionProperties) = preSolution
		HideSolutionNode = FALSE
	EndGlobalSection
	GlobalSection(ExtensibilityGlobals) = postSolution
		SolutionGuid = {A355E2EA-73E1-4B3D-96F4-35005E1742E8}
	EndGlobalSection
EndGlobal
